// !$*UTF8*$!
{
	archiveVersion = 1;
	classes = {
	};
	objectVersion = 51;
	objects = {

/* Begin PBXBuildFile section */
		4B7E21FA25E0A05A00571406 /* MovieDetailsViewController.swift in Sources */ = {isa = PBXBuildFile; fileRef = 4B7E21F925E0A05A00571406 /* MovieDetailsViewController.swift */; };
		4B7E21FD25E0C69100571406 /* MovieGridViewController.swift in Sources */ = {isa = PBXBuildFile; fileRef = 4B7E21FC25E0C69100571406 /* MovieGridViewController.swift */; };
		4BAD540425D606E400B7172C /* AppDelegate.swift in Sources */ = {isa = PBXBuildFile; fileRef = 4BAD540325D606E400B7172C /* AppDelegate.swift */; };
		4BAD540625D606E400B7172C /* SceneDelegate.swift in Sources */ = {isa = PBXBuildFile; fileRef = 4BAD540525D606E400B7172C /* SceneDelegate.swift */; };
		4BAD540B25D606E400B7172C /* Main.storyboard in Resources */ = {isa = PBXBuildFile; fileRef = 4BAD540925D606E400B7172C /* Main.storyboard */; };
		4BAD540D25D606E700B7172C /* Assets.xcassets in Resources */ = {isa = PBXBuildFile; fileRef = 4BAD540C25D606E700B7172C /* Assets.xcassets */; };
		4BAD541025D606E700B7172C /* LaunchScreen.storyboard in Resources */ = {isa = PBXBuildFile; fileRef = 4BAD540E25D606E700B7172C /* LaunchScreen.storyboard */; };
		4BAD541A25D60BEE00B7172C /* MoviesViewController.swift in Sources */ = {isa = PBXBuildFile; fileRef = 4BAD541925D60BEE00B7172C /* MoviesViewController.swift */; };
		4BAD541D25D77F1300B7172C /* MovieCell.swift in Sources */ = {isa = PBXBuildFile; fileRef = 4BAD541C25D77F1300B7172C /* MovieCell.swift */; };
		CFBB5557C3869F7A50660D76 /* Pods_flixapp.framework in Frameworks */ = {isa = PBXBuildFile; fileRef = F7E7DD21D91448E095F01A76 /* Pods_flixapp.framework */; };
/* End PBXBuildFile section */

/* Begin PBXFileReference section */
		48F633A1B9C64AC4439FF5DE /* Pods-flixapp.release.xcconfig */ = {isa = PBXFileReference; includeInIndex = 1; lastKnownFileType = text.xcconfig; name = "Pods-flixapp.release.xcconfig"; path = "Target Support Files/Pods-flixapp/Pods-flixapp.release.xcconfig"; sourceTree = "<group>"; };
		4B7E21F925E0A05A00571406 /* MovieDetailsViewController.swift */ = {isa = PBXFileReference; lastKnownFileType = sourcecode.swift; path = MovieDetailsViewController.swift; sourceTree = "<group>"; };
		4B7E21FC25E0C69100571406 /* MovieGridViewController.swift */ = {isa = PBXFileReference; lastKnownFileType = sourcecode.swift; path = MovieGridViewController.swift; sourceTree = "<group>"; };
		4BAD540025D606E400B7172C /* flixapp.app */ = {isa = PBXFileReference; explicitFileType = wrapper.application; includeInIndex = 0; path = flixapp.app; sourceTree = BUILT_PRODUCTS_DIR; };
		4BAD540325D606E400B7172C /* AppDelegate.swift */ = {isa = PBXFileReference; lastKnownFileType = sourcecode.swift; path = AppDelegate.swift; sourceTree = "<group>"; };
		4BAD540525D606E400B7172C /* SceneDelegate.swift */ = {isa = PBXFileReference; lastKnownFileType = sourcecode.swift; path = SceneDelegate.swift; sourceTree = "<group>"; };
		4BAD540A25D606E400B7172C /* Base */ = {isa = PBXFileReference; lastKnownFileType = file.storyboard; name = Base; path = Base.lproj/Main.storyboard; sourceTree = "<group>"; };
		4BAD540C25D606E700B7172C /* Assets.xcassets */ = {isa = PBXFileReference; lastKnownFileType = folder.assetcatalog; path = Assets.xcassets; sourceTree = "<group>"; };
		4BAD540F25D606E700B7172C /* Base */ = {isa = PBXFileReference; lastKnownFileType = file.storyboard; name = Base; path = Base.lproj/LaunchScreen.storyboard; sourceTree = "<group>"; };
		4BAD541125D606E700B7172C /* Info.plist */ = {isa = PBXFileReference; lastKnownFileType = text.plist.xml; path = Info.plist; sourceTree = "<group>"; };
		4BAD541925D60BEE00B7172C /* MoviesViewController.swift */ = {isa = PBXFileReference; lastKnownFileType = sourcecode.swift; path = MoviesViewController.swift; sourceTree = "<group>"; };
		4BAD541C25D77F1300B7172C /* MovieCell.swift */ = {isa = PBXFileReference; lastKnownFileType = sourcecode.swift; path = MovieCell.swift; sourceTree = "<group>"; };
		943D818BA13886D1826A58E1 /* Pods-flixapp.debug.xcconfig */ = {isa = PBXFileReference; includeInIndex = 1; lastKnownFileType = text.xcconfig; name = "Pods-flixapp.debug.xcconfig"; path = "Target Support Files/Pods-flixapp/Pods-flixapp.debug.xcconfig"; sourceTree = "<group>"; };
		F7E7DD21D91448E095F01A76 /* Pods_flixapp.framework */ = {isa = PBXFileReference; explicitFileType = wrapper.framework; includeInIndex = 0; path = Pods_flixapp.framework; sourceTree = BUILT_PRODUCTS_DIR; };
/* End PBXFileReference section */

/* Begin PBXFrameworksBuildPhase section */
		4BAD53FD25D606E400B7172C /* Frameworks */ = {
			isa = PBXFrameworksBuildPhase;
			buildActionMask = 2147483647;
			files = (
				CFBB5557C3869F7A50660D76 /* Pods_flixapp.framework in Frameworks */,
			);
			runOnlyForDeploymentPostprocessing = 0;
		};
/* End PBXFrameworksBuildPhase section */

/* Begin PBXGroup section */
		4BAD53F725D606E300B7172C = {
			isa = PBXGroup;
			children = (
				4BAD540225D606E400B7172C /* flixapp */,
				4BAD540125D606E400B7172C /* Products */,
				F265905AA1C8DF56A65084BD /* Pods */,
				61328724E40EEAAC4C748918 /* Frameworks */,
			);
			sourceTree = "<group>";
		};
		4BAD540125D606E400B7172C /* Products */ = {
			isa = PBXGroup;
			children = (
				4BAD540025D606E400B7172C /* flixapp.app */,
			);
			name = Products;
			sourceTree = "<group>";
		};
		4BAD540225D606E400B7172C /* flixapp */ = {
			isa = PBXGroup;
			children = (
				4BAD540325D606E400B7172C /* AppDelegate.swift */,
				4BAD540525D606E400B7172C /* SceneDelegate.swift */,
				4BAD540925D606E400B7172C /* Main.storyboard */,
				4B7E21FC25E0C69100571406 /* MovieGridViewController.swift */,
				4B7E21F925E0A05A00571406 /* MovieDetailsViewController.swift */,
				4BAD540C25D606E700B7172C /* Assets.xcassets */,
				4BAD540E25D606E700B7172C /* LaunchScreen.storyboard */,
				4BAD541125D606E700B7172C /* Info.plist */,
				4BAD541925D60BEE00B7172C /* MoviesViewController.swift */,
				4BAD541C25D77F1300B7172C /* MovieCell.swift */,
			);
			path = flixapp;
			sourceTree = "<group>";
		};
		61328724E40EEAAC4C748918 /* Frameworks */ = {
			isa = PBXGroup;
			children = (
				F7E7DD21D91448E095F01A76 /* Pods_flixapp.framework */,
			);
			name = Frameworks;
			sourceTree = "<group>";
		};
		F265905AA1C8DF56A65084BD /* Pods */ = {
			isa = PBXGroup;
			children = (
				943D818BA13886D1826A58E1 /* Pods-flixapp.debug.xcconfig */,
				48F633A1B9C64AC4439FF5DE /* Pods-flixapp.release.xcconfig */,
			);
			path = Pods;
			sourceTree = "<group>";
		};
/* End PBXGroup section */

/* Begin PBXNativeTarget section */
		4BAD53FF25D606E400B7172C /* flixapp */ = {
			isa = PBXNativeTarget;
			buildConfigurationList = 4BAD541425D606E700B7172C /* Build configuration list for PBXNativeTarget "flixapp" */;
			buildPhases = (
				3435D402C8A4688893E1AA16 /* [CP] Check Pods Manifest.lock */,
				4BAD53FC25D606E400B7172C /* Sources */,
				4BAD53FD25D606E400B7172C /* Frameworks */,
				4BAD53FE25D606E400B7172C /* Resources */,
				2FD62BAE11A2EA99483414AA /* [CP] Embed Pods Frameworks */,
			);
			buildRules = (
			);
			dependencies = (
			);
			name = flixapp;
			productName = flixapp;
			productReference = 4BAD540025D606E400B7172C /* flixapp.app */;
			productType = "com.apple.product-type.application";
		};
/* End PBXNativeTarget section */

/* Begin PBXProject section */
		4BAD53F825D606E300B7172C /* Project object */ = {
			isa = PBXProject;
			attributes = {
				LastSwiftUpdateCheck = 1230;
				LastUpgradeCheck = 1230;
				TargetAttributes = {
					4BAD53FF25D606E400B7172C = {
						CreatedOnToolsVersion = 12.3;
					};
				};
			};
			buildConfigurationList = 4BAD53FB25D606E300B7172C /* Build configuration list for PBXProject "flixapp" */;
			compatibilityVersion = "Xcode 9.3";
			developmentRegion = en;
			hasScannedForEncodings = 0;
			knownRegions = (
				en,
				Base,
			);
			mainGroup = 4BAD53F725D606E300B7172C;
			productRefGroup = 4BAD540125D606E400B7172C /* Products */;
			projectDirPath = "";
			projectRoot = "";
			targets = (
				4BAD53FF25D606E400B7172C /* flixapp */,
			);
		};
/* End PBXProject section */

/* Begin PBXResourcesBuildPhase section */
		4BAD53FE25D606E400B7172C /* Resources */ = {
			isa = PBXResourcesBuildPhase;
			buildActionMask = 2147483647;
			files = (
				4BAD541025D606E700B7172C /* LaunchScreen.storyboard in Resources */,
				4BAD540D25D606E700B7172C /* Assets.xcassets in Resources */,
				4BAD540B25D606E400B7172C /* Main.storyboard in Resources */,
			);
			runOnlyForDeploymentPostprocessing = 0;
		};
/* End PBXResourcesBuildPhase section */

/* Begin PBXShellScriptBuildPhase section */
		2FD62BAE11A2EA99483414AA /* [CP] Embed Pods Frameworks */ = {
			isa = PBXShellScriptBuildPhase;
			buildActionMask = 2147483647;
			files = (
			);
			inputFileListPaths = (
				"${PODS_ROOT}/Target Support Files/Pods-flixapp/Pods-flixapp-frameworks-${CONFIGURATION}-input-files.xcfilelist",
			);
			name = "[CP] Embed Pods Frameworks";
			outputFileListPaths = (
				"${PODS_ROOT}/Target Support Files/Pods-flixapp/Pods-flixapp-frameworks-${CONFIGURATION}-output-files.xcfilelist",
			);
			runOnlyForDeploymentPostprocessing = 0;
			shellPath = /bin/sh;
			shellScript = "\"${PODS_ROOT}/Target Support Files/Pods-flixapp/Pods-flixapp-frameworks.sh\"\n";
			showEnvVarsInLog = 0;
		};
		3435D402C8A4688893E1AA16 /* [CP] Check Pods Manifest.lock */ = {
			isa = PBXShellScriptBuildPhase;
			buildActionMask = 2147483647;
			files = (
			);
			inputFileListPaths = (
			);
			inputPaths = (
				"${PODS_PODFILE_DIR_PATH}/Podfile.lock",
				"${PODS_ROOT}/Manifest.lock",
			);
			name = "[CP] Check Pods Manifest.lock";
			outputFileListPaths = (
			);
			outputPaths = (
				"$(DERIVED_FILE_DIR)/Pods-flixapp-checkManifestLockResult.txt",
			);
			runOnlyForDeploymentPostprocessing = 0;
			shellPath = /bin/sh;
			shellScript = "diff \"${PODS_PODFILE_DIR_PATH}/Podfile.lock\" \"${PODS_ROOT}/Manifest.lock\" > /dev/null\nif [ $? != 0 ] ; then\n    # print error to STDERR\n    echo \"error: The sandbox is not in sync with the Podfile.lock. Run 'pod install' or update your CocoaPods installation.\" >&2\n    exit 1\nfi\n# This output is used by Xcode 'outputs' to avoid re-running this script phase.\necho \"SUCCESS\" > \"${SCRIPT_OUTPUT_FILE_0}\"\n";
			showEnvVarsInLog = 0;
		};
/* End PBXShellScriptBuildPhase section */

/* Begin PBXSourcesBuildPhase section */
		4BAD53FC25D606E400B7172C /* Sources */ = {
			isa = PBXSourcesBuildPhase;
			buildActionMask = 2147483647;
			files = (
				4B7E21FA25E0A05A00571406 /* MovieDetailsViewController.swift in Sources */,
				4BAD540425D606E400B7172C /* AppDelegate.swift in Sources */,
				4BAD540625D606E400B7172C /* SceneDelegate.swift in Sources */,
				4BAD541D25D77F1300B7172C /* MovieCell.swift in Sources */,
				4BAD541A25D60BEE00B7172C /* MoviesViewController.swift in Sources */,
				4B7E21FD25E0C69100571406 /* MovieGridViewController.swift in Sources */,
			);
			runOnlyForDeploymentPostprocessing = 0;
		};
/* End PBXSourcesBuildPhase section */

/* Begin PBXVariantGroup section */
		4BAD540925D606E400B7172C /* Main.storyboard */ = {
			isa = PBXVariantGroup;
			children = (
				4BAD540A25D606E400B7172C /* Base */,
			);
			name = Main.storyboard;
			sourceTree = "<group>";
		};
		4BAD540E25D606E700B7172C /* LaunchScreen.storyboard */ = {
			isa = PBXVariantGroup;
			children = (
				4BAD540F25D606E700B7172C /* Base */,
			);
			name = LaunchScreen.storyboard;
			sourceTree = "<group>";
		};
/* End PBXVariantGroup section */

/* Begin XCBuildConfiguration section */
		4BAD541225D606E700B7172C /* Debug */ = {
			isa = XCBuildConfiguration;
			buildSettings = {
				ALWAYS_SEARCH_USER_PATHS = NO;
				CLANG_ANALYZER_NONNULL = YES;
				CLANG_ANALYZER_NUMBER_OBJECT_CONVERSION = YES_AGGRESSIVE;
				CLANG_CXX_LANGUAGE_STANDARD = "gnu++14";
				CLANG_CXX_LIBRARY = "libc++";
				CLANG_ENABLE_MODULES = YES;
				CLANG_ENABLE_OBJC_ARC = YES;
				CLANG_ENABLE_OBJC_WEAK = YES;
				CLANG_WARN_BLOCK_CAPTURE_AUTORELEASING = YES;
				CLANG_WARN_BOOL_CONVERSION = YES;
				CLANG_WARN_COMMA = YES;
				CLANG_WARN_CONSTANT_CONVERSION = YES;
				CLANG_WARN_DEPRECATED_OBJC_IMPLEMENTATIONS = YES;
				CLANG_WARN_DIRECT_OBJC_ISA_USAGE = YES_ERROR;
				CLANG_WARN_DOCUMENTATION_COMMENTS = YES;
				CLANG_WARN_EMPTY_BODY = YES;
				CLANG_WARN_ENUM_CONVERSION = YES;
				CLANG_WARN_INFINITE_RECURSION = YES;
				CLANG_WARN_INT_CONVERSION = YES;
				CLANG_WARN_NON_LITERAL_NULL_CONVERSION = YES;
				CLANG_WARN_OBJC_IMPLICIT_RETAIN_SELF = YES;
				CLANG_WARN_OBJC_LITERAL_CONVERSION = YES;
				CLANG_WARN_OBJC_ROOT_CLASS = YES_ERROR;
				CLANG_WARN_QUOTED_INCLUDE_IN_FRAMEWORK_HEADER = YES;
				CLANG_WARN_RANGE_LOOP_ANALYSIS = YES;
				CLANG_WARN_STRICT_PROTOTYPES = YES;
				CLANG_WARN_SUSPICIOUS_MOVE = YES;
				CLANG_WARN_UNGUARDED_AVAILABILITY = YES_AGGRESSIVE;
				CLANG_WARN_UNREACHABLE_CODE = YES;
				CLANG_WARN__DUPLICATE_METHOD_MATCH = YES;
				COPY_PHASE_STRIP = NO;
				DEBUG_INFORMATION_FORMAT = dwarf;
				ENABLE_STRICT_OBJC_MSGSEND = YES;
				ENABLE_TESTABILITY = YES;
				GCC_C_LANGUAGE_STANDARD = gnu11;
				GCC_DYNAMIC_NO_PIC = NO;
				GCC_NO_COMMON_BLOCKS = YES;
				GCC_OPTIMIZATION_LEVEL = 0;
				GCC_PREPROCESSOR_DEFINITIONS = (
					"DEBUG=1",
					"$(inherited)",
				);
				GCC_WARN_64_TO_32_BIT_CONVERSION = YES;
				GCC_WARN_ABOUT_RETURN_TYPE = YES_ERROR;
				GCC_WARN_UNDECLARED_SELECTOR = YES;
				GCC_WARN_UNINITIALIZED_AUTOS = YES_AGGRESSIVE;
				GCC_WARN_UNUSED_FUNCTION = YES;
				GCC_WARN_UNUSED_VARIABLE = YES;
				IPHONEOS_DEPLOYMENT_TARGET = 14.3;
				MTL_ENABLE_DEBUG_INFO = INCLUDE_SOURCE;
				MTL_FAST_MATH = YES;
				ONLY_ACTIVE_ARCH = YES;
				SDKROOT = iphoneos;
				SWIFT_ACTIVE_COMPILATION_CONDITIONS = DEBUG;
				SWIFT_OPTIMIZATION_LEVEL = "-Onone";
			};
			name = Debug;
		};
		4BAD541325D606E700B7172C /* Release */ = {
			isa = XCBuildConfiguration;
			buildSettings = {
				ALWAYS_SEARCH_USER_PATHS = NO;
				CLANG_ANALYZER_NONNULL = YES;
				CLANG_ANALYZER_NUMBER_OBJECT_CONVERSION = YES_AGGRESSIVE;
				CLANG_CXX_LANGUAGE_STANDARD = "gnu++14";
				CLANG_CXX_LIBRARY = "libc++";
				CLANG_ENABLE_MODULES = YES;
				CLANG_ENABLE_OBJC_ARC = YES;
				CLANG_ENABLE_OBJC_WEAK = YES;
				CLANG_WARN_BLOCK_CAPTURE_AUTORELEASING = YES;
				CLANG_WARN_BOOL_CONVERSION = YES;
				CLANG_WARN_COMMA = YES;
				CLANG_WARN_CONSTANT_CONVERSION = YES;
				CLANG_WARN_DEPRECATED_OBJC_IMPLEMENTATIONS = YES;
				CLANG_WARN_DIRECT_OBJC_ISA_USAGE = YES_ERROR;
				CLANG_WARN_DOCUMENTATION_COMMENTS = YES;
				CLANG_WARN_EMPTY_BODY = YES;
				CLANG_WARN_ENUM_CONVERSION = YES;
				CLANG_WARN_INFINITE_RECURSION = YES;
				CLANG_WARN_INT_CONVERSION = YES;
				CLANG_WARN_NON_LITERAL_NULL_CONVERSION = YES;
				CLANG_WARN_OBJC_IMPLICIT_RETAIN_SELF = YES;
				CLANG_WARN_OBJC_LITERAL_CONVERSION = YES;
				CLANG_WARN_OBJC_ROOT_CLASS = YES_ERROR;
				CLANG_WARN_QUOTED_INCLUDE_IN_FRAMEWORK_HEADER = YES;
				CLANG_WARN_RANGE_LOOP_ANALYSIS = YES;
				CLANG_WARN_STRICT_PROTOTYPES = YES;
				CLANG_WARN_SUSPICIOUS_MOVE = YES;
				CLANG_WARN_UNGUARDED_AVAILABILITY = YES_AGGRESSIVE;
				CLANG_WARN_UNREACHABLE_CODE = YES;
				CLANG_WARN__DUPLICATE_METHOD_MATCH = YES;
				COPY_PHASE_STRIP = NO;
				DEBUG_INFORMATION_FORMAT = "dwarf-with-dsym";
				ENABLE_NS_ASSERTIONS = NO;
				ENABLE_STRICT_OBJC_MSGSEND = YES;
				GCC_C_LANGUAGE_STANDARD = gnu11;
				GCC_NO_COMMON_BLOCKS = YES;
				GCC_WARN_64_TO_32_BIT_CONVERSION = YES;
				GCC_WARN_ABOUT_RETURN_TYPE = YES_ERROR;
				GCC_WARN_UNDECLARED_SELECTOR = YES;
				GCC_WARN_UNINITIALIZED_AUTOS = YES_AGGRESSIVE;
				GCC_WARN_UNUSED_FUNCTION = YES;
				GCC_WARN_UNUSED_VARIABLE = YES;
				IPHONEOS_DEPLOYMENT_TARGET = 14.3;
				MTL_ENABLE_DEBUG_INFO = NO;
				MTL_FAST_MATH = YES;
				SDKROOT = iphoneos;
				SWIFT_COMPILATION_MODE = wholemodule;
				SWIFT_OPTIMIZATION_LEVEL = "-O";
				VALIDATE_PRODUCT = YES;
			};
			name = Release;
		};
		4BAD541525D606E700B7172C /* Debug */ = {
			isa = XCBuildConfiguration;
			baseConfigurationReference = 943D818BA13886D1826A58E1 /* Pods-flixapp.debug.xcconfig */;
			buildSettings = {
				ASSETCATALOG_COMPILER_APPICON_NAME = AppIcon;
				ASSETCATALOG_COMPILER_GLOBAL_ACCENT_COLOR_NAME = AccentColor;
				CODE_SIGN_STYLE = Automatic;
				DEVELOPMENT_TEAM = "";
				INFOPLIST_FILE = flixapp/Info.plist;
				LD_RUNPATH_SEARCH_PATHS = (
					"$(inherited)",
					"@executable_path/Frameworks",
				);
				PRODUCT_BUNDLE_IDENTIFIER = perlaescano.flixapp;
				PRODUCT_NAME = "$(TARGET_NAME)";
				SWIFT_VERSION = 5.0;
				TARGETED_DEVICE_FAMILY = "1,2";
			};
			name = Debug;
		};
		4BAD541625D606E700B7172C /* Release */ = {
			isa = XCBuildConfiguration;
			baseConfigurationReference = 48F633A1B9C64AC4439FF5DE /* Pods-flixapp.release.xcconfig */;
			buildSettings = {
				ASSETCATALOG_COMPILER_APPICON_NAME = AppIcon;
				ASSETCATALOG_COMPILER_GLOBAL_ACCENT_COLOR_NAME = AccentColor;
				CODE_SIGN_STYLE = Automatic;
				DEVELOPMENT_TEAM = "";
				INFOPLIST_FILE = flixapp/Info.plist;
				LD_RUNPATH_SEARCH_PATHS = (
					"$(inherited)",
					"@executable_path/Frameworks",
				);
				PRODUCT_BUNDLE_IDENTIFIER = perlaescano.flixapp;
				PRODUCT_NAME = "$(TARGET_NAME)";
				SWIFT_VERSION = 5.0;
				TARGETED_DEVICE_FAMILY = "1,2";
			};
			name = Release;
		};
/* End XCBuildConfiguration section */

/* Begin XCConfigurationList section */
		4BAD53FB25D606E300B7172C /* Build configuration list for PBXProject "flixapp" */ = {
			isa = XCConfigurationList;
			buildConfigurations = (
				4BAD541225D606E700B7172C /* Debug */,
				4BAD541325D606E700B7172C /* Release */,
			);
			defaultConfigurationIsVisible = 0;
			defaultConfigurationName = Release;
		};
		4BAD541425D606E700B7172C /* Build configuration list for PBXNativeTarget "flixapp" */ = {
			isa = XCConfigurationList;
			buildConfigurations = (
				4BAD541525D606E700B7172C /* Debug */,
				4BAD541625D606E700B7172C /* Release */,
			);
			defaultConfigurationIsVisible = 0;
			defaultConfigurationName = Release;
		};
/* End XCConfigurationList section */
	};
	rootObject = 4BAD53F825D606E300B7172C /* Project object */;
}
